
Microsoft Visual Studio Solution File, Format Version 12.00
# Visual Studio Version 16
VisualStudioVersion = 16.0.33027.164
MinimumVisualStudioVersion = 10.0.40219.1
Project("{9A19103F-16F7-4668-BE54-9A1E7A4F7556}") = "CSharp Funda", "CSharp Funda\CSharp Funda.csproj", "{F546A25F-70EC-4CA0-AAED-D26C162D1993}"
EndProject
Project("{2150E333-8FDC-42A3-9474-1A3956D46DE8}") = "Solution Items", "Solution Items", "{D3ADC934-77E3-4BA4-B135-8032B302A1E0}"
	ProjectSection(SolutionItems) = preProject
		.editorconfig = .editorconfig
	EndProjectSection
EndProject
Project("{FAE04EC0-301F-11D3-BF4B-00C04F79EFBC}") = "TestProject1", "TestProject1\TestProject1.csproj", "{DDCECA7A-85EE-4C46-9AC9-71B643BFB9B4}"
EndProject
Global
	GlobalSection(SolutionConfigurationPlatforms) = preSolution
		Debug|Any CPU = Debug|Any CPU
		Release|Any CPU = Release|Any CPU
	EndGlobalSection
	GlobalSection(ProjectConfigurationPlatforms) = postSolution
		{F546A25F-70EC-4CA0-AAED-D26C162D1993}.Debug|Any CPU.ActiveCfg = Debug|Any CPU
		{F546A25F-70EC-4CA0-AAED-D26C162D1993}.Debug|Any CPU.Build.0 = Debug|Any CPU
		{F546A25F-70EC-4CA0-AAED-D26C162D1993}.Release|Any CPU.ActiveCfg = Release|Any CPU
		{F546A25F-70EC-4CA0-AAED-D26C162D1993}.Release|Any CPU.Build.0 = Release|Any CPU
		{DDCECA7A-85EE-4C46-9AC9-71B643BFB9B4}.Debug|Any CPU.ActiveCfg = Debug|Any CPU
		{DDCECA7A-85EE-4C46-9AC9-71B643BFB9B4}.Debug|Any CPU.Build.0 = Debug|Any CPU
		{DDCECA7A-85EE-4C46-9AC9-71B643BFB9B4}.Release|Any CPU.ActiveCfg = Release|Any CPU
		{DDCECA7A-85EE-4C46-9AC9-71B643BFB9B4}.Release|Any CPU.Build.0 = Release|Any CPU
	EndGlobalSection
	GlobalSection(SolutionProperties) = preSolution
		HideSolutionNode = FALSE
	EndGlobalSection
	GlobalSection(ExtensibilityGlobals) = postSolution
		SolutionGuid = {3BC547E1-0231-4F37-9402-EE849A09769E}
	EndGlobalSection
EndGlobal
