
Microsoft Visual Studio Solution File, Format Version 12.00
# Visual Studio Version 16
VisualStudioVersion = 16.0.33027.164
MinimumVisualStudioVersion = 10.0.40219.1
Project("{9A19103F-16F7-4668-BE54-9A1E7A4F7556}") = "SeleniumLearning", "TestProject1\SeleniumLearning.csproj", "{24A2A8C8-7AB6-449F-BEA8-C3928F055289}"
EndProject
Global
	GlobalSection(SolutionConfigurationPlatforms) = preSolution
		Debug|Any CPU = Debug|Any CPU
		Release|Any CPU = Release|Any CPU
	EndGlobalSection
	GlobalSection(ProjectConfigurationPlatforms) = postSolution
		{24A2A8C8-7AB6-449F-BEA8-C3928F055289}.Debug|Any CPU.ActiveCfg = Debug|Any CPU
		{24A2A8C8-7AB6-449F-BEA8-C3928F055289}.Debug|Any CPU.Build.0 = Debug|Any CPU
		{24A2A8C8-7AB6-449F-BEA8-C3928F055289}.Release|Any CPU.ActiveCfg = Release|Any CPU
		{24A2A8C8-7AB6-449F-BEA8-C3928F055289}.Release|Any CPU.Build.0 = Release|Any CPU
	EndGlobalSection
	GlobalSection(SolutionProperties) = preSolution
		HideSolutionNode = FALSE
	EndGlobalSection
	GlobalSection(ExtensibilityGlobals) = postSolution
		SolutionGuid = {A6375F33-DDC1-4D7D-93CA-D78FAC477552}
	EndGlobalSection
EndGlobal
