
Microsoft Visual Studio Solution File, Format Version 12.00
# Visual Studio Version 16
VisualStudioVersion = 16.0.33027.164
MinimumVisualStudioVersion = 10.0.40219.1
Project("{FAE04EC0-301F-11D3-BF4B-00C04F79EFBC}") = "TestProject1", "TestProject1\TestProject1.csproj", "{34928C92-AD53-48B7-9AA1-A0A6D5B05BC3}"
EndProject
Project("{FAE04EC0-301F-11D3-BF4B-00C04F79EFBC}") = "TestProject2", "..\TestProject2\TestProject2.csproj", "{18A9E73B-F14A-4BD2-8E22-AF09F3E947AE}"
EndProject
Global
	GlobalSection(SolutionConfigurationPlatforms) = preSolution
		Debug|Any CPU = Debug|Any CPU
		Release|Any CPU = Release|Any CPU
	EndGlobalSection
	GlobalSection(ProjectConfigurationPlatforms) = postSolution
		{34928C92-AD53-48B7-9AA1-A0A6D5B05BC3}.Debug|Any CPU.ActiveCfg = Debug|Any CPU
		{34928C92-AD53-48B7-9AA1-A0A6D5B05BC3}.Debug|Any CPU.Build.0 = Debug|Any CPU
		{34928C92-AD53-48B7-9AA1-A0A6D5B05BC3}.Release|Any CPU.ActiveCfg = Release|Any CPU
		{34928C92-AD53-48B7-9AA1-A0A6D5B05BC3}.Release|Any CPU.Build.0 = Release|Any CPU
		{18A9E73B-F14A-4BD2-8E22-AF09F3E947AE}.Debug|Any CPU.ActiveCfg = Debug|Any CPU
		{18A9E73B-F14A-4BD2-8E22-AF09F3E947AE}.Debug|Any CPU.Build.0 = Debug|Any CPU
		{18A9E73B-F14A-4BD2-8E22-AF09F3E947AE}.Release|Any CPU.ActiveCfg = Release|Any CPU
		{18A9E73B-F14A-4BD2-8E22-AF09F3E947AE}.Release|Any CPU.Build.0 = Release|Any CPU
	EndGlobalSection
	GlobalSection(SolutionProperties) = preSolution
		HideSolutionNode = FALSE
	EndGlobalSection
	GlobalSection(ExtensibilityGlobals) = postSolution
		SolutionGuid = {31D3A6F3-0736-49E6-8293-8F41D5F55080}
	EndGlobalSection
EndGlobal
